// !$*UTF8*$!
{
	archiveVersion = 1;
	classes = {
	};
	objectVersion = 56;
	objects = {

/* Begin PBXBuildFile section */
		FF0B89902B48F46200E99BEC /* MPConnectionManager.swift in Sources */ = {isa = PBXBuildFile; fileRef = FF0B898F2B48F46200E99BEC /* MPConnectionManager.swift */; };
		FF0B89922B48F96D00E99BEC /* MPGameMove.swift in Sources */ = {isa = PBXBuildFile; fileRef = FF0B89912B48F96D00E99BEC /* MPGameMove.swift */; };
		FF0B89942B48FCB000E99BEC /* MPPeersView.swift in Sources */ = {isa = PBXBuildFile; fileRef = FF0B89932B48FCB000E99BEC /* MPPeersView.swift */; };
		FF44DB7D2B430F8200B451BE /* TicTacToeApp.swift in Sources */ = {isa = PBXBuildFile; fileRef = FF44DB7C2B430F8200B451BE /* TicTacToeApp.swift */; };
		FF44DB7F2B430F8200B451BE /* StartView.swift in Sources */ = {isa = PBXBuildFile; fileRef = FF44DB7E2B430F8200B451BE /* StartView.swift */; };
		FF44DB812B430F8400B451BE /* Assets.xcassets in Resources */ = {isa = PBXBuildFile; fileRef = FF44DB802B430F8400B451BE /* Assets.xcassets */; };
		FF44DB842B430F8400B451BE /* Preview Assets.xcassets in Resources */ = {isa = PBXBuildFile; fileRef = FF44DB832B430F8400B451BE /* Preview Assets.xcassets */; };
		FF44DB8B2B4310B700B451BE /* Launch Screen.storyboard in Resources */ = {isa = PBXBuildFile; fileRef = FF44DB8A2B4310B700B451BE /* Launch Screen.storyboard */; };
		FF44DB8E2B4312AC00B451BE /* GameModels.swift in Sources */ = {isa = PBXBuildFile; fileRef = FF44DB8D2B4312AC00B451BE /* GameModels.swift */; };
		FF44DB912B43162F00B451BE /* ViewModifiers.swift in Sources */ = {isa = PBXBuildFile; fileRef = FF44DB902B43162F00B451BE /* ViewModifiers.swift */; };
		FF44DB942B43173200B451BE /* GameView.swift in Sources */ = {isa = PBXBuildFile; fileRef = FF44DB932B43173200B451BE /* GameView.swift */; };
		FF44DB972B433B5F00B451BE /* GameService.swift in Sources */ = {isa = PBXBuildFile; fileRef = FF44DB962B433B5F00B451BE /* GameService.swift */; };
		FF44DB992B433F3E00B451BE /* GameSquare.swift in Sources */ = {isa = PBXBuildFile; fileRef = FF44DB982B433F3E00B451BE /* GameSquare.swift */; };
		FF44DB9B2B43404B00B451BE /* SquareView.swift in Sources */ = {isa = PBXBuildFile; fileRef = FF44DB9A2B43404B00B451BE /* SquareView.swift */; };
		FF8D85B72B47A2580095711E /* YourNameView.swift in Sources */ = {isa = PBXBuildFile; fileRef = FF8D85B62B47A2580095711E /* YourNameView.swift */; };
/* End PBXBuildFile section */

/* Begin PBXFileReference section */
		FF0B898D2B48F39600E99BEC /* Info.plist */ = {isa = PBXFileReference; lastKnownFileType = text.plist; path = Info.plist; sourceTree = "<group>"; };
		FF0B898F2B48F46200E99BEC /* MPConnectionManager.swift */ = {isa = PBXFileReference; lastKnownFileType = sourcecode.swift; path = MPConnectionManager.swift; sourceTree = "<group>"; };
		FF0B89912B48F96D00E99BEC /* MPGameMove.swift */ = {isa = PBXFileReference; lastKnownFileType = sourcecode.swift; path = MPGameMove.swift; sourceTree = "<group>"; };
		FF0B89932B48FCB000E99BEC /* MPPeersView.swift */ = {isa = PBXFileReference; lastKnownFileType = sourcecode.swift; path = MPPeersView.swift; sourceTree = "<group>"; };
		FF44DB792B430F8200B451BE /* TicTacToe.app */ = {isa = PBXFileReference; explicitFileType = wrapper.application; includeInIndex = 0; path = TicTacToe.app; sourceTree = BUILT_PRODUCTS_DIR; };
		FF44DB7C2B430F8200B451BE /* TicTacToeApp.swift */ = {isa = PBXFileReference; lastKnownFileType = sourcecode.swift; path = TicTacToeApp.swift; sourceTree = "<group>"; };
		FF44DB7E2B430F8200B451BE /* StartView.swift */ = {isa = PBXFileReference; lastKnownFileType = sourcecode.swift; path = StartView.swift; sourceTree = "<group>"; };
		FF44DB802B430F8400B451BE /* Assets.xcassets */ = {isa = PBXFileReference; lastKnownFileType = folder.assetcatalog; path = Assets.xcassets; sourceTree = "<group>"; };
		FF44DB832B430F8400B451BE /* Preview Assets.xcassets */ = {isa = PBXFileReference; lastKnownFileType = folder.assetcatalog; path = "Preview Assets.xcassets"; sourceTree = "<group>"; };
		FF44DB8A2B4310B700B451BE /* Launch Screen.storyboard */ = {isa = PBXFileReference; lastKnownFileType = file.storyboard; path = "Launch Screen.storyboard"; sourceTree = "<group>"; };
		FF44DB8D2B4312AC00B451BE /* GameModels.swift */ = {isa = PBXFileReference; lastKnownFileType = sourcecode.swift; path = GameModels.swift; sourceTree = "<group>"; };
		FF44DB902B43162F00B451BE /* ViewModifiers.swift */ = {isa = PBXFileReference; lastKnownFileType = sourcecode.swift; path = ViewModifiers.swift; sourceTree = "<group>"; };
		FF44DB932B43173200B451BE /* GameView.swift */ = {isa = PBXFileReference; lastKnownFileType = sourcecode.swift; path = GameView.swift; sourceTree = "<group>"; };
		FF44DB952B4338FA00B451BE /* GamePlanning.playground */ = {isa = PBXFileReference; lastKnownFileType = file.playground; path = GamePlanning.playground; sourceTree = "<group>"; xcLanguageSpecificationIdentifier = xcode.lang.swift; };
		FF44DB962B433B5F00B451BE /* GameService.swift */ = {isa = PBXFileReference; lastKnownFileType = sourcecode.swift; path = GameService.swift; sourceTree = "<group>"; };
		FF44DB982B433F3E00B451BE /* GameSquare.swift */ = {isa = PBXFileReference; lastKnownFileType = sourcecode.swift; path = GameSquare.swift; sourceTree = "<group>"; };
		FF44DB9A2B43404B00B451BE /* SquareView.swift */ = {isa = PBXFileReference; lastKnownFileType = sourcecode.swift; path = SquareView.swift; sourceTree = "<group>"; };
		FF8D85B62B47A2580095711E /* YourNameView.swift */ = {isa = PBXFileReference; lastKnownFileType = sourcecode.swift; path = YourNameView.swift; sourceTree = "<group>"; };
/* End PBXFileReference section */

/* Begin PBXFrameworksBuildPhase section */
		FF44DB762B430F8200B451BE /* Frameworks */ = {
			isa = PBXFrameworksBuildPhase;
			buildActionMask = 2147483647;
			files = (
			);
			runOnlyForDeploymentPostprocessing = 0;
		};
/* End PBXFrameworksBuildPhase section */

/* Begin PBXGroup section */
		FF0B898E2B48F43400E99BEC /* MultiPeerConnectivity */ = {
			isa = PBXGroup;
			children = (
				FF0B898F2B48F46200E99BEC /* MPConnectionManager.swift */,
				FF0B89912B48F96D00E99BEC /* MPGameMove.swift */,
				FF0B89932B48FCB000E99BEC /* MPPeersView.swift */,
			);
			path = MultiPeerConnectivity;
			sourceTree = "<group>";
		};
		FF44DB702B430F8100B451BE = {
			isa = PBXGroup;
			children = (
				FF44DB7B2B430F8200B451BE /* TicTacToe */,
				FF44DB7A2B430F8200B451BE /* Products */,
			);
			sourceTree = "<group>";
		};
		FF44DB7A2B430F8200B451BE /* Products */ = {
			isa = PBXGroup;
			children = (
				FF44DB792B430F8200B451BE /* TicTacToe.app */,
			);
			name = Products;
			sourceTree = "<group>";
		};
		FF44DB7B2B430F8200B451BE /* TicTacToe */ = {
			isa = PBXGroup;
			children = (
				FF0B898D2B48F39600E99BEC /* Info.plist */,
				FF44DB7C2B430F8200B451BE /* TicTacToeApp.swift */,
				FF44DB7E2B430F8200B451BE /* StartView.swift */,
				FF8D85B62B47A2580095711E /* YourNameView.swift */,
				FF0B898E2B48F43400E99BEC /* MultiPeerConnectivity */,
				FF44DB922B43172100B451BE /* Game Screen */,
				FF44DB8F2B43161000B451BE /* Util */,
				FF44DB8C2B43129F00B451BE /* Models */,
				FF44DB802B430F8400B451BE /* Assets.xcassets */,
				FF44DB8A2B4310B700B451BE /* Launch Screen.storyboard */,
				FF44DB822B430F8400B451BE /* Preview Content */,
				FF44DB952B4338FA00B451BE /* GamePlanning.playground */,
			);
			path = TicTacToe;
			sourceTree = "<group>";
		};
		FF44DB822B430F8400B451BE /* Preview Content */ = {
			isa = PBXGroup;
			children = (
				FF44DB832B430F8400B451BE /* Preview Assets.xcassets */,
			);
			path = "Preview Content";
			sourceTree = "<group>";
		};
		FF44DB8C2B43129F00B451BE /* Models */ = {
			isa = PBXGroup;
			children = (
				FF44DB8D2B4312AC00B451BE /* GameModels.swift */,
			);
			path = Models;
			sourceTree = "<group>";
		};
		FF44DB8F2B43161000B451BE /* Util */ = {
			isa = PBXGroup;
			children = (
				FF44DB902B43162F00B451BE /* ViewModifiers.swift */,
			);
			path = Util;
			sourceTree = "<group>";
		};
		FF44DB922B43172100B451BE /* Game Screen */ = {
			isa = PBXGroup;
			children = (
				FF44DB932B43173200B451BE /* GameView.swift */,
				FF44DB962B433B5F00B451BE /* GameService.swift */,
				FF44DB982B433F3E00B451BE /* GameSquare.swift */,
				FF44DB9A2B43404B00B451BE /* SquareView.swift */,
			);
			path = "Game Screen";
			sourceTree = "<group>";
		};
/* End PBXGroup section */

/* Begin PBXNativeTarget section */
		FF44DB782B430F8200B451BE /* TicTacToe */ = {
			isa = PBXNativeTarget;
			buildConfigurationList = FF44DB872B430F8400B451BE /* Build configuration list for PBXNativeTarget "TicTacToe" */;
			buildPhases = (
				FF44DB752B430F8200B451BE /* Sources */,
				FF44DB762B430F8200B451BE /* Frameworks */,
				FF44DB772B430F8200B451BE /* Resources */,
			);
			buildRules = (
			);
			dependencies = (
			);
			name = TicTacToe;
			productName = TicTacToe;
			productReference = FF44DB792B430F8200B451BE /* TicTacToe.app */;
			productType = "com.apple.product-type.application";
		};
/* End PBXNativeTarget section */

/* Begin PBXProject section */
		FF44DB712B430F8100B451BE /* Project object */ = {
			isa = PBXProject;
			attributes = {
				BuildIndependentTargetsInParallel = 1;
				LastSwiftUpdateCheck = 1510;
				LastUpgradeCheck = 1510;
				TargetAttributes = {
					FF44DB782B430F8200B451BE = {
						CreatedOnToolsVersion = 15.1;
					};
				};
			};
			buildConfigurationList = FF44DB742B430F8200B451BE /* Build configuration list for PBXProject "TicTacToe" */;
			compatibilityVersion = "Xcode 14.0";
			developmentRegion = en;
			hasScannedForEncodings = 0;
			knownRegions = (
				en,
				Base,
			);
			mainGroup = FF44DB702B430F8100B451BE;
			productRefGroup = FF44DB7A2B430F8200B451BE /* Products */;
			projectDirPath = "";
			projectRoot = "";
			targets = (
				FF44DB782B430F8200B451BE /* TicTacToe */,
			);
		};
/* End PBXProject section */

/* Begin PBXResourcesBuildPhase section */
		FF44DB772B430F8200B451BE /* Resources */ = {
			isa = PBXResourcesBuildPhase;
			buildActionMask = 2147483647;
			files = (
				FF44DB8B2B4310B700B451BE /* Launch Screen.storyboard in Resources */,
				FF44DB842B430F8400B451BE /* Preview Assets.xcassets in Resources */,
				FF44DB812B430F8400B451BE /* Assets.xcassets in Resources */,
			);
			runOnlyForDeploymentPostprocessing = 0;
		};
/* End PBXResourcesBuildPhase section */

/* Begin PBXSourcesBuildPhase section */
		FF44DB752B430F8200B451BE /* Sources */ = {
			isa = PBXSourcesBuildPhase;
			buildActionMask = 2147483647;
			files = (
				FF0B89922B48F96D00E99BEC /* MPGameMove.swift in Sources */,
				FF8D85B72B47A2580095711E /* YourNameView.swift in Sources */,
				FF44DB7F2B430F8200B451BE /* StartView.swift in Sources */,
				FF44DB8E2B4312AC00B451BE /* GameModels.swift in Sources */,
				FF44DB7D2B430F8200B451BE /* TicTacToeApp.swift in Sources */,
				FF44DB972B433B5F00B451BE /* GameService.swift in Sources */,
				FF44DB912B43162F00B451BE /* ViewModifiers.swift in Sources */,
				FF0B89942B48FCB000E99BEC /* MPPeersView.swift in Sources */,
				FF0B89902B48F46200E99BEC /* MPConnectionManager.swift in Sources */,
				FF44DB9B2B43404B00B451BE /* SquareView.swift in Sources */,
				FF44DB942B43173200B451BE /* GameView.swift in Sources */,
				FF44DB992B433F3E00B451BE /* GameSquare.swift in Sources */,
			);
			runOnlyForDeploymentPostprocessing = 0;
		};
/* End PBXSourcesBuildPhase section */

/* Begin XCBuildConfiguration section */
		FF44DB852B430F8400B451BE /* Debug */ = {
			isa = XCBuildConfiguration;
			buildSettings = {
				ALWAYS_SEARCH_USER_PATHS = NO;
				ASSETCATALOG_COMPILER_GENERATE_SWIFT_ASSET_SYMBOL_EXTENSIONS = YES;
				CLANG_ANALYZER_NONNULL = YES;
				CLANG_ANALYZER_NUMBER_OBJECT_CONVERSION = YES_AGGRESSIVE;
				CLANG_CXX_LANGUAGE_STANDARD = "gnu++20";
				CLANG_ENABLE_MODULES = YES;
				CLANG_ENABLE_OBJC_ARC = YES;
				CLANG_ENABLE_OBJC_WEAK = YES;
				CLANG_WARN_BLOCK_CAPTURE_AUTORELEASING = YES;
				CLANG_WARN_BOOL_CONVERSION = YES;
				CLANG_WARN_COMMA = YES;
				CLANG_WARN_CONSTANT_CONVERSION = YES;
				CLANG_WARN_DEPRECATED_OBJC_IMPLEMENTATIONS = YES;
				CLANG_WARN_DIRECT_OBJC_ISA_USAGE = YES_ERROR;
				CLANG_WARN_DOCUMENTATION_COMMENTS = YES;
				CLANG_WARN_EMPTY_BODY = YES;
				CLANG_WARN_ENUM_CONVERSION = YES;
				CLANG_WARN_INFINITE_RECURSION = YES;
				CLANG_WARN_INT_CONVERSION = YES;
				CLANG_WARN_NON_LITERAL_NULL_CONVERSION = YES;
				CLANG_WARN_OBJC_IMPLICIT_RETAIN_SELF = YES;
				CLANG_WARN_OBJC_LITERAL_CONVERSION = YES;
				CLANG_WARN_OBJC_ROOT_CLASS = YES_ERROR;
				CLANG_WARN_QUOTED_INCLUDE_IN_FRAMEWORK_HEADER = YES;
				CLANG_WARN_RANGE_LOOP_ANALYSIS = YES;
				CLANG_WARN_STRICT_PROTOTYPES = YES;
				CLANG_WARN_SUSPICIOUS_MOVE = YES;
				CLANG_WARN_UNGUARDED_AVAILABILITY = YES_AGGRESSIVE;
				CLANG_WARN_UNREACHABLE_CODE = YES;
				CLANG_WARN__DUPLICATE_METHOD_MATCH = YES;
				COPY_PHASE_STRIP = NO;
				DEBUG_INFORMATION_FORMAT = dwarf;
				ENABLE_STRICT_OBJC_MSGSEND = YES;
				ENABLE_TESTABILITY = YES;
				ENABLE_USER_SCRIPT_SANDBOXING = YES;
				GCC_C_LANGUAGE_STANDARD = gnu17;
				GCC_DYNAMIC_NO_PIC = NO;
				GCC_NO_COMMON_BLOCKS = YES;
				GCC_OPTIMIZATION_LEVEL = 0;
				GCC_PREPROCESSOR_DEFINITIONS = (
					"DEBUG=1",
					"$(inherited)",
				);
				GCC_WARN_64_TO_32_BIT_CONVERSION = YES;
				GCC_WARN_ABOUT_RETURN_TYPE = YES_ERROR;
				GCC_WARN_UNDECLARED_SELECTOR = YES;
				GCC_WARN_UNINITIALIZED_AUTOS = YES_AGGRESSIVE;
				GCC_WARN_UNUSED_FUNCTION = YES;
				GCC_WARN_UNUSED_VARIABLE = YES;
				IPHONEOS_DEPLOYMENT_TARGET = 15.0;
				LOCALIZATION_PREFERS_STRING_CATALOGS = YES;
				MTL_ENABLE_DEBUG_INFO = INCLUDE_SOURCE;
				MTL_FAST_MATH = YES;
				ONLY_ACTIVE_ARCH = YES;
				SDKROOT = iphoneos;
				SWIFT_ACTIVE_COMPILATION_CONDITIONS = "DEBUG $(inherited)";
				SWIFT_OPTIMIZATION_LEVEL = "-Onone";
			};
			name = Debug;
		};
		FF44DB862B430F8400B451BE /* Release */ = {
			isa = XCBuildConfiguration;
			buildSettings = {
				ALWAYS_SEARCH_USER_PATHS = NO;
				ASSETCATALOG_COMPILER_GENERATE_SWIFT_ASSET_SYMBOL_EXTENSIONS = YES;
				CLANG_ANALYZER_NONNULL = YES;
				CLANG_ANALYZER_NUMBER_OBJECT_CONVERSION = YES_AGGRESSIVE;
				CLANG_CXX_LANGUAGE_STANDARD = "gnu++20";
				CLANG_ENABLE_MODULES = YES;
				CLANG_ENABLE_OBJC_ARC = YES;
				CLANG_ENABLE_OBJC_WEAK = YES;
				CLANG_WARN_BLOCK_CAPTURE_AUTORELEASING = YES;
				CLANG_WARN_BOOL_CONVERSION = YES;
				CLANG_WARN_COMMA = YES;
				CLANG_WARN_CONSTANT_CONVERSION = YES;
				CLANG_WARN_DEPRECATED_OBJC_IMPLEMENTATIONS = YES;
				CLANG_WARN_DIRECT_OBJC_ISA_USAGE = YES_ERROR;
				CLANG_WARN_DOCUMENTATION_COMMENTS = YES;
				CLANG_WARN_EMPTY_BODY = YES;
				CLANG_WARN_ENUM_CONVERSION = YES;
				CLANG_WARN_INFINITE_RECURSION = YES;
				CLANG_WARN_INT_CONVERSION = YES;
				CLANG_WARN_NON_LITERAL_NULL_CONVERSION = YES;
				CLANG_WARN_OBJC_IMPLICIT_RETAIN_SELF = YES;
				CLANG_WARN_OBJC_LITERAL_CONVERSION = YES;
				CLANG_WARN_OBJC_ROOT_CLASS = YES_ERROR;
				CLANG_WARN_QUOTED_INCLUDE_IN_FRAMEWORK_HEADER = YES;
				CLANG_WARN_RANGE_LOOP_ANALYSIS = YES;
				CLANG_WARN_STRICT_PROTOTYPES = YES;
				CLANG_WARN_SUSPICIOUS_MOVE = YES;
				CLANG_WARN_UNGUARDED_AVAILABILITY = YES_AGGRESSIVE;
				CLANG_WARN_UNREACHABLE_CODE = YES;
				CLANG_WARN__DUPLICATE_METHOD_MATCH = YES;
				COPY_PHASE_STRIP = NO;
				DEBUG_INFORMATION_FORMAT = "dwarf-with-dsym";
				ENABLE_NS_ASSERTIONS = NO;
				ENABLE_STRICT_OBJC_MSGSEND = YES;
				ENABLE_USER_SCRIPT_SANDBOXING = YES;
				GCC_C_LANGUAGE_STANDARD = gnu17;
				GCC_NO_COMMON_BLOCKS = YES;
				GCC_WARN_64_TO_32_BIT_CONVERSION = YES;
				GCC_WARN_ABOUT_RETURN_TYPE = YES_ERROR;
				GCC_WARN_UNDECLARED_SELECTOR = YES;
				GCC_WARN_UNINITIALIZED_AUTOS = YES_AGGRESSIVE;
				GCC_WARN_UNUSED_FUNCTION = YES;
				GCC_WARN_UNUSED_VARIABLE = YES;
				IPHONEOS_DEPLOYMENT_TARGET = 15.0;
				LOCALIZATION_PREFERS_STRING_CATALOGS = YES;
				MTL_ENABLE_DEBUG_INFO = NO;
				MTL_FAST_MATH = YES;
				SDKROOT = iphoneos;
				SWIFT_COMPILATION_MODE = wholemodule;
				VALIDATE_PRODUCT = YES;
			};
			name = Release;
		};
		FF44DB882B430F8400B451BE /* Debug */ = {
			isa = XCBuildConfiguration;
			buildSettings = {
				ASSETCATALOG_COMPILER_APPICON_NAME = AppIcon;
				ASSETCATALOG_COMPILER_GLOBAL_ACCENT_COLOR_NAME = AccentColor;
				CODE_SIGN_STYLE = Automatic;
				CURRENT_PROJECT_VERSION = 1;
				DEVELOPMENT_ASSET_PATHS = "\"TicTacToe/Preview Content\"";
				DEVELOPMENT_TEAM = J275YB2YPQ;
				ENABLE_PREVIEWS = YES;
				GENERATE_INFOPLIST_FILE = YES;
				INFOPLIST_FILE = TicTacToe/Info.plist;
				INFOPLIST_KEY_NSLocalNetworkUsageDescription = "Would like to play Xs and Os";
				INFOPLIST_KEY_UIApplicationSceneManifest_Generation = YES;
				INFOPLIST_KEY_UIApplicationSupportsIndirectInputEvents = YES;
				INFOPLIST_KEY_UILaunchScreen_Generation = YES;
				INFOPLIST_KEY_UILaunchStoryboardName = "Launch Screen.storyboard";
				INFOPLIST_KEY_UISupportedInterfaceOrientations = UIInterfaceOrientationPortrait;
				INFOPLIST_KEY_UISupportedInterfaceOrientations_iPad = "UIInterfaceOrientationLandscapeLeft UIInterfaceOrientationLandscapeRight UIInterfaceOrientationPortrait UIInterfaceOrientationPortraitUpsideDown";
				IPHONEOS_DEPLOYMENT_TARGET = 15.0;
				LD_RUNPATH_SEARCH_PATHS = (
					"$(inherited)",
					"@executable_path/Frameworks",
				);
				MARKETING_VERSION = 1.0;
				PRODUCT_BUNDLE_IDENTIFIER = com.codablecode.TicTacToe;
				PRODUCT_NAME = "$(TARGET_NAME)";
				SWIFT_EMIT_LOC_STRINGS = YES;
				SWIFT_VERSION = 5.0;
				TARGETED_DEVICE_FAMILY = "1,2";
			};
			name = Debug;
		};
		FF44DB892B430F8400B451BE /* Release */ = {
			isa = XCBuildConfiguration;
			buildSettings = {
				ASSETCATALOG_COMPILER_APPICON_NAME = AppIcon;
				ASSETCATALOG_COMPILER_GLOBAL_ACCENT_COLOR_NAME = AccentColor;
				CODE_SIGN_STYLE = Automatic;
				CURRENT_PROJECT_VERSION = 1;
				DEVELOPMENT_ASSET_PATHS = "\"TicTacToe/Preview Content\"";
				DEVELOPMENT_TEAM = J275YB2YPQ;
				ENABLE_PREVIEWS = YES;
				GENERATE_INFOPLIST_FILE = YES;
				INFOPLIST_FILE = TicTacToe/Info.plist;
				INFOPLIST_KEY_NSLocalNetworkUsageDescription = "Would like to play Xs and Os";
				INFOPLIST_KEY_UIApplicationSceneManifest_Generation = YES;
				INFOPLIST_KEY_UIApplicationSupportsIndirectInputEvents = YES;
				INFOPLIST_KEY_UILaunchScreen_Generation = YES;
				INFOPLIST_KEY_UILaunchStoryboardName = "Launch Screen.storyboard";
				INFOPLIST_KEY_UISupportedInterfaceOrientations = UIInterfaceOrientationPortrait;
				INFOPLIST_KEY_UISupportedInterfaceOrientations_iPad = "UIInterfaceOrientationLandscapeLeft UIInterfaceOrientationLandscapeRight UIInterfaceOrientationPortrait UIInterfaceOrientationPortraitUpsideDown";
				IPHONEOS_DEPLOYMENT_TARGET = 15.0;
				LD_RUNPATH_SEARCH_PATHS = (
					"$(inherited)",
					"@executable_path/Frameworks",
				);
				MARKETING_VERSION = 1.0;
				PRODUCT_BUNDLE_IDENTIFIER = com.codablecode.TicTacToe;
				PRODUCT_NAME = "$(TARGET_NAME)";
				SWIFT_EMIT_LOC_STRINGS = YES;
				SWIFT_VERSION = 5.0;
				TARGETED_DEVICE_FAMILY = "1,2";
			};
			name = Release;
		};
/* End XCBuildConfiguration section */

/* Begin XCConfigurationList section */
		FF44DB742B430F8200B451BE /* Build configuration list for PBXProject "TicTacToe" */ = {
			isa = XCConfigurationList;
			buildConfigurations = (
				FF44DB852B430F8400B451BE /* Debug */,
				FF44DB862B430F8400B451BE /* Release */,
			);
			defaultConfigurationIsVisible = 0;
			defaultConfigurationName = Release;
		};
		FF44DB872B430F8400B451BE /* Build configuration list for PBXNativeTarget "TicTacToe" */ = {
			isa = XCConfigurationList;
			buildConfigurations = (
				FF44DB882B430F8400B451BE /* Debug */,
				FF44DB892B430F8400B451BE /* Release */,
			);
			defaultConfigurationIsVisible = 0;
			defaultConfigurationName = Release;
		};
/* End XCConfigurationList section */
	};
	rootObject = FF44DB712B430F8100B451BE /* Project object */;
}
